
Microsoft Visual Studio Solution File, Format Version 12.00
# Visual Studio Version 17
VisualStudioVersion = 17.14.36212.18
MinimumVisualStudioVersion = 10.0.40219.1
Project("{FAE04EC0-301F-11D3-BF4B-00C04F79EFBC}") = "BackFabrica", "BackFabrica\BackFabrica.csproj", "{CDA0EB36-E45F-47C1-A454-96E394A85EA0}"
EndProject
Project("{FAE04EC0-301F-11D3-BF4B-00C04F79EFBC}") = "Services", "Services\Services.csproj", "{7855F839-8B69-4427-9BC7-91278A9A9528}"
EndProject
Project("{FAE04EC0-301F-11D3-BF4B-00C04F79EFBC}") = "CapaDapper", "Dapper\CapaDapper.csproj", "{58D2CAA4-B148-48E6-8F61-5ED0585C0B17}"
EndProject
Global
	GlobalSection(SolutionConfigurationPlatforms) = preSolution
		Debug|Any CPU = Debug|Any CPU
		Release|Any CPU = Release|Any CPU
	EndGlobalSection
	GlobalSection(ProjectConfigurationPlatforms) = postSolution
		{CDA0EB36-E45F-47C1-A454-96E394A85EA0}.Debug|Any CPU.ActiveCfg = Debug|Any CPU
		{CDA0EB36-E45F-47C1-A454-96E394A85EA0}.Debug|Any CPU.Build.0 = Debug|Any CPU
		{CDA0EB36-E45F-47C1-A454-96E394A85EA0}.Release|Any CPU.ActiveCfg = Release|Any CPU
		{CDA0EB36-E45F-47C1-A454-96E394A85EA0}.Release|Any CPU.Build.0 = Release|Any CPU
		{7855F839-8B69-4427-9BC7-91278A9A9528}.Debug|Any CPU.ActiveCfg = Debug|Any CPU
		{7855F839-8B69-4427-9BC7-91278A9A9528}.Debug|Any CPU.Build.0 = Debug|Any CPU
		{7855F839-8B69-4427-9BC7-91278A9A9528}.Release|Any CPU.ActiveCfg = Release|Any CPU
		{7855F839-8B69-4427-9BC7-91278A9A9528}.Release|Any CPU.Build.0 = Release|Any CPU
		{58D2CAA4-B148-48E6-8F61-5ED0585C0B17}.Debug|Any CPU.ActiveCfg = Debug|Any CPU
		{58D2CAA4-B148-48E6-8F61-5ED0585C0B17}.Debug|Any CPU.Build.0 = Debug|Any CPU
		{58D2CAA4-B148-48E6-8F61-5ED0585C0B17}.Release|Any CPU.ActiveCfg = Release|Any CPU
		{58D2CAA4-B148-48E6-8F61-5ED0585C0B17}.Release|Any CPU.Build.0 = Release|Any CPU
	EndGlobalSection
	GlobalSection(SolutionProperties) = preSolution
		HideSolutionNode = FALSE
	EndGlobalSection
	GlobalSection(ExtensibilityGlobals) = postSolution
		SolutionGuid = {6C2AFB2A-B4D2-44A5-9C3A-E77EF1AF4BAA}
	EndGlobalSection
EndGlobal
